
Microsoft Visual Studio Solution File, Format Version 12.00
# Visual Studio 2013
VisualStudioVersion = 12.0.40629.0
MinimumVisualStudioVersion = 10.0.40219.1
Project("{FAE04EC0-301F-11D3-BF4B-00C04F79EFBC}") = "ProdWebAPI", "ProdWebAPI\ProdWebAPI.csproj", "{7621289F-D60E-40B4-B8EA-8202EBAC499E}"
EndProject
Project("{FAE04EC0-301F-11D3-BF4B-00C04F79EFBC}") = "ProdWebAPI_Client", "ProdWebAPI_Client\ProdWebAPI_Client.csproj", "{5D39CD51-CAA9-4AD4-A442-5EA2858D60A6}"
EndProject
Global
	GlobalSection(SolutionConfigurationPlatforms) = preSolution
		Debug|Any CPU = Debug|Any CPU
		Release|Any CPU = Release|Any CPU
	EndGlobalSection
	GlobalSection(ProjectConfigurationPlatforms) = postSolution
		{7621289F-D60E-40B4-B8EA-8202EBAC499E}.Debug|Any CPU.ActiveCfg = Debug|Any CPU
		{7621289F-D60E-40B4-B8EA-8202EBAC499E}.Debug|Any CPU.Build.0 = Debug|Any CPU
		{7621289F-D60E-40B4-B8EA-8202EBAC499E}.Release|Any CPU.ActiveCfg = Release|Any CPU
		{7621289F-D60E-40B4-B8EA-8202EBAC499E}.Release|Any CPU.Build.0 = Release|Any CPU
		{5D39CD51-CAA9-4AD4-A442-5EA2858D60A6}.Debug|Any CPU.ActiveCfg = Debug|Any CPU
		{5D39CD51-CAA9-4AD4-A442-5EA2858D60A6}.Debug|Any CPU.Build.0 = Debug|Any CPU
		{5D39CD51-CAA9-4AD4-A442-5EA2858D60A6}.Release|Any CPU.ActiveCfg = Release|Any CPU
		{5D39CD51-CAA9-4AD4-A442-5EA2858D60A6}.Release|Any CPU.Build.0 = Release|Any CPU
	EndGlobalSection
	GlobalSection(SolutionProperties) = preSolution
		HideSolutionNode = FALSE
	EndGlobalSection
EndGlobal
